
Microsoft Visual Studio Solution File, Format Version 12.00
# Visual Studio 2013
VisualStudioVersion = 12.0.21005.1
MinimumVisualStudioVersion = 10.0.40219.1
Project("{FAE04EC0-301F-11D3-BF4B-00C04F79EFBC}") = "QLBHWIN", "QLBHWIN\QLBHWIN.csproj", "{4EA5FC6C-E0AB-4873-82DD-D0494D90F941}"
EndProject
Project("{FAE04EC0-301F-11D3-BF4B-00C04F79EFBC}") = "QLBHWEB", "QLBHWEB\QLBHWEB.csproj", "{00F27F76-C1DB-4C02-A843-0523E177367A}"
EndProject
Project("{54435603-DBB4-11D2-8724-00A0C9A8B90C}") = "Setup QLBH", "Setup QLBH\Setup QLBH.vdproj", "{47670732-C9E2-4B38-86F0-ED4417D72AF8}"
EndProject
Global
	GlobalSection(SolutionConfigurationPlatforms) = preSolution
		Debug|Any CPU = Debug|Any CPU
		Release|Any CPU = Release|Any CPU
	EndGlobalSection
	GlobalSection(ProjectConfigurationPlatforms) = postSolution
		{4EA5FC6C-E0AB-4873-82DD-D0494D90F941}.Debug|Any CPU.ActiveCfg = Debug|Any CPU
		{4EA5FC6C-E0AB-4873-82DD-D0494D90F941}.Debug|Any CPU.Build.0 = Debug|Any CPU
		{4EA5FC6C-E0AB-4873-82DD-D0494D90F941}.Release|Any CPU.ActiveCfg = Release|Any CPU
		{4EA5FC6C-E0AB-4873-82DD-D0494D90F941}.Release|Any CPU.Build.0 = Release|Any CPU
		{00F27F76-C1DB-4C02-A843-0523E177367A}.Debug|Any CPU.ActiveCfg = Debug|Any CPU
		{00F27F76-C1DB-4C02-A843-0523E177367A}.Debug|Any CPU.Build.0 = Debug|Any CPU
		{00F27F76-C1DB-4C02-A843-0523E177367A}.Release|Any CPU.ActiveCfg = Release|Any CPU
		{00F27F76-C1DB-4C02-A843-0523E177367A}.Release|Any CPU.Build.0 = Release|Any CPU
		{47670732-C9E2-4B38-86F0-ED4417D72AF8}.Debug|Any CPU.ActiveCfg = Debug
		{47670732-C9E2-4B38-86F0-ED4417D72AF8}.Release|Any CPU.ActiveCfg = Release
	EndGlobalSection
	GlobalSection(SolutionProperties) = preSolution
		HideSolutionNode = FALSE
	EndGlobalSection
EndGlobal
